
Microsoft Visual Studio Solution File, Format Version 12.00
Project("{FAE04EC0-301F-11D3-BF4B-00C04F79EFBC}") = "ConsoleApplication", "ConsoleApplication.csproj", "{35C77A15-2128-4978-86AB-ABCC313ADFD9}"
EndProject
Project("{FAE04EC0-301F-11D3-BF4B-00C04F79EFBC}") = "SquareLib", "SquareLib\SquareLib.csproj", "{EF5E425B-A700-4C8A-BC7E-E43CDAFE11D5}"
EndProject
Project("{FAE04EC0-301F-11D3-BF4B-00C04F79EFBC}") = "SquareTests", "SquareTests\SquareTests.csproj", "{17278A48-D84B-4F45-B234-F0CF7753274F}"
EndProject
Global
	GlobalSection(SolutionConfigurationPlatforms) = preSolution
		Debug|Any CPU = Debug|Any CPU
		Release|Any CPU = Release|Any CPU
	EndGlobalSection
	GlobalSection(ProjectConfigurationPlatforms) = postSolution
		{35C77A15-2128-4978-86AB-ABCC313ADFD9}.Debug|Any CPU.ActiveCfg = Debug|Any CPU
		{35C77A15-2128-4978-86AB-ABCC313ADFD9}.Debug|Any CPU.Build.0 = Debug|Any CPU
		{35C77A15-2128-4978-86AB-ABCC313ADFD9}.Release|Any CPU.ActiveCfg = Release|Any CPU
		{35C77A15-2128-4978-86AB-ABCC313ADFD9}.Release|Any CPU.Build.0 = Release|Any CPU
		{EF5E425B-A700-4C8A-BC7E-E43CDAFE11D5}.Debug|Any CPU.ActiveCfg = Debug|Any CPU
		{EF5E425B-A700-4C8A-BC7E-E43CDAFE11D5}.Debug|Any CPU.Build.0 = Debug|Any CPU
		{EF5E425B-A700-4C8A-BC7E-E43CDAFE11D5}.Release|Any CPU.ActiveCfg = Release|Any CPU
		{EF5E425B-A700-4C8A-BC7E-E43CDAFE11D5}.Release|Any CPU.Build.0 = Release|Any CPU
		{17278A48-D84B-4F45-B234-F0CF7753274F}.Debug|Any CPU.ActiveCfg = Debug|Any CPU
		{17278A48-D84B-4F45-B234-F0CF7753274F}.Debug|Any CPU.Build.0 = Debug|Any CPU
		{17278A48-D84B-4F45-B234-F0CF7753274F}.Release|Any CPU.ActiveCfg = Release|Any CPU
		{17278A48-D84B-4F45-B234-F0CF7753274F}.Release|Any CPU.Build.0 = Release|Any CPU
	EndGlobalSection
EndGlobal
